
Microsoft Visual Studio Solution File, Format Version 12.00
# Visual Studio 15
VisualStudioVersion = 15.0.28307.168
MinimumVisualStudioVersion = 10.0.40219.1
Project("{FAE04EC0-301F-11D3-BF4B-00C04F79EFBC}") = "Nitro.Simulator", "Nitro.Simulator\Nitro.Simulator.csproj", "{DE7E12FC-ADCC-47C2-81E6-B203713F3C41}"
EndProject
Global
	GlobalSection(SolutionConfigurationPlatforms) = preSolution
		Debug|Any CPU = Debug|Any CPU
		Release|Any CPU = Release|Any CPU
	EndGlobalSection
	GlobalSection(ProjectConfigurationPlatforms) = postSolution
		{DE7E12FC-ADCC-47C2-81E6-B203713F3C41}.Debug|Any CPU.ActiveCfg = Debug|Any CPU
		{DE7E12FC-ADCC-47C2-81E6-B203713F3C41}.Debug|Any CPU.Build.0 = Debug|Any CPU
		{DE7E12FC-ADCC-47C2-81E6-B203713F3C41}.Release|Any CPU.ActiveCfg = Release|Any CPU
		{DE7E12FC-ADCC-47C2-81E6-B203713F3C41}.Release|Any CPU.Build.0 = Release|Any CPU
	EndGlobalSection
	GlobalSection(SolutionProperties) = preSolution
		HideSolutionNode = FALSE
	EndGlobalSection
	GlobalSection(ExtensibilityGlobals) = postSolution
		SolutionGuid = {E7DC3376-618D-49B2-AAB8-4A8A5C2A52B0}
	EndGlobalSection
EndGlobal
